// !$*UTF8*$!
{
	archiveVersion = 1;
	classes = {
	};
	objectVersion = 46;
	objects = {

/* Begin PBXBuildFile section */
		30B766D31CCD631D003262CF /* main.m in Sources */ = {isa = PBXBuildFile; fileRef = 30B766D21CCD631D003262CF /* main.m */; };
		30B766D61CCD631D003262CF /* AppDelegate.m in Sources */ = {isa = PBXBuildFile; fileRef = 30B766D51CCD631D003262CF /* AppDelegate.m */; };
		30B766D81CCD631D003262CF /* Assets.xcassets in Resources */ = {isa = PBXBuildFile; fileRef = 30B766D71CCD631D003262CF /* Assets.xcassets */; };
		30B766DB1CCD631D003262CF /* LaunchScreen.storyboard in Resources */ = {isa = PBXBuildFile; fileRef = 30B766D91CCD631D003262CF /* LaunchScreen.storyboard */; };
		30B766E41CCD6D25003262CF /* ItemsViewController.m in Sources */ = {isa = PBXBuildFile; fileRef = 30B766E31CCD6D25003262CF /* ItemsViewController.m */; };
		30B766E71CCD6EE3003262CF /* Item.m in Sources */ = {isa = PBXBuildFile; fileRef = 30B766E61CCD6EE3003262CF /* Item.m */; };
/* End PBXBuildFile section */

/* Begin PBXFileReference section */
		30B766CE1CCD631D003262CF /* Homepwner_Obj-C.app */ = {isa = PBXFileReference; explicitFileType = wrapper.application; includeInIndex = 0; path = "Homepwner_Obj-C.app"; sourceTree = BUILT_PRODUCTS_DIR; };
		30B766D21CCD631D003262CF /* main.m */ = {isa = PBXFileReference; lastKnownFileType = sourcecode.c.objc; path = main.m; sourceTree = "<group>"; };
		30B766D41CCD631D003262CF /* AppDelegate.h */ = {isa = PBXFileReference; lastKnownFileType = sourcecode.c.h; path = AppDelegate.h; sourceTree = "<group>"; };
		30B766D51CCD631D003262CF /* AppDelegate.m */ = {isa = PBXFileReference; lastKnownFileType = sourcecode.c.objc; path = AppDelegate.m; sourceTree = "<group>"; };
		30B766D71CCD631D003262CF /* Assets.xcassets */ = {isa = PBXFileReference; lastKnownFileType = folder.assetcatalog; path = Assets.xcassets; sourceTree = "<group>"; };
		30B766DA1CCD631D003262CF /* Base */ = {isa = PBXFileReference; lastKnownFileType = file.storyboard; name = Base; path = Base.lproj/LaunchScreen.storyboard; sourceTree = "<group>"; };
		30B766DC1CCD631D003262CF /* Info.plist */ = {isa = PBXFileReference; lastKnownFileType = text.plist.xml; path = Info.plist; sourceTree = "<group>"; };
		30B766E21CCD6D25003262CF /* ItemsViewController.h */ = {isa = PBXFileReference; fileEncoding = 4; lastKnownFileType = sourcecode.c.h; path = ItemsViewController.h; sourceTree = "<group>"; };
		30B766E31CCD6D25003262CF /* ItemsViewController.m */ = {isa = PBXFileReference; fileEncoding = 4; lastKnownFileType = sourcecode.c.objc; path = ItemsViewController.m; sourceTree = "<group>"; };
		30B766E51CCD6EE3003262CF /* Item.h */ = {isa = PBXFileReference; fileEncoding = 4; lastKnownFileType = sourcecode.c.h; path = Item.h; sourceTree = "<group>"; };
		30B766E61CCD6EE3003262CF /* Item.m */ = {isa = PBXFileReference; fileEncoding = 4; lastKnownFileType = sourcecode.c.objc; path = Item.m; sourceTree = "<group>"; };
/* End PBXFileReference section */

/* Begin PBXFrameworksBuildPhase section */
		30B766CB1CCD631D003262CF /* Frameworks */ = {
			isa = PBXFrameworksBuildPhase;
			buildActionMask = 2147483647;
			files = (
			);
			runOnlyForDeploymentPostprocessing = 0;
		};
/* End PBXFrameworksBuildPhase section */

/* Begin PBXGroup section */
		30B766C51CCD631D003262CF = {
			isa = PBXGroup;
			children = (
				30B766D01CCD631D003262CF /* Homepwner_Obj-C */,
				30B766CF1CCD631D003262CF /* Products */,
			);
			sourceTree = "<group>";
		};
		30B766CF1CCD631D003262CF /* Products */ = {
			isa = PBXGroup;
			children = (
				30B766CE1CCD631D003262CF /* Homepwner_Obj-C.app */,
			);
			name = Products;
			sourceTree = "<group>";
		};
		30B766D01CCD631D003262CF /* Homepwner_Obj-C */ = {
			isa = PBXGroup;
			children = (
				30B766E21CCD6D25003262CF /* ItemsViewController.h */,
				30B766E31CCD6D25003262CF /* ItemsViewController.m */,
				30B766D41CCD631D003262CF /* AppDelegate.h */,
				30B766D51CCD631D003262CF /* AppDelegate.m */,
				30B766E51CCD6EE3003262CF /* Item.h */,
				30B766E61CCD6EE3003262CF /* Item.m */,
				30B766D71CCD631D003262CF /* Assets.xcassets */,
				30B766D91CCD631D003262CF /* LaunchScreen.storyboard */,
				30B766DC1CCD631D003262CF /* Info.plist */,
				30B766D11CCD631D003262CF /* Supporting Files */,
			);
			path = "Homepwner_Obj-C";
			sourceTree = "<group>";
		};
		30B766D11CCD631D003262CF /* Supporting Files */ = {
			isa = PBXGroup;
			children = (
				30B766D21CCD631D003262CF /* main.m */,
			);
			name = "Supporting Files";
			sourceTree = "<group>";
		};
/* End PBXGroup section */

/* Begin PBXNativeTarget section */
		30B766CD1CCD631D003262CF /* Homepwner_Obj-C */ = {
			isa = PBXNativeTarget;
			buildConfigurationList = 30B766DF1CCD631D003262CF /* Build configuration list for PBXNativeTarget "Homepwner_Obj-C" */;
			buildPhases = (
				30B766CA1CCD631D003262CF /* Sources */,
				30B766CB1CCD631D003262CF /* Frameworks */,
				30B766CC1CCD631D003262CF /* Resources */,
			);
			buildRules = (
			);
			dependencies = (
			);
			name = "Homepwner_Obj-C";
			productName = "Homepwner_Obj-C";
			productReference = 30B766CE1CCD631D003262CF /* Homepwner_Obj-C.app */;
			productType = "com.apple.product-type.application";
		};
/* End PBXNativeTarget section */

/* Begin PBXProject section */
		30B766C61CCD631D003262CF /* Project object */ = {
			isa = PBXProject;
			attributes = {
				LastUpgradeCheck = 0730;
				ORGANIZATIONNAME = "Roman Ustiantcev";
				TargetAttributes = {
					30B766CD1CCD631D003262CF = {
						CreatedOnToolsVersion = 7.3;
						DevelopmentTeam = NVMU6WZ9AZ;
					};
				};
			};
			buildConfigurationList = 30B766C91CCD631D003262CF /* Build configuration list for PBXProject "Homepwner_Obj-C" */;
			compatibilityVersion = "Xcode 3.2";
			developmentRegion = English;
			hasScannedForEncodings = 0;
			knownRegions = (
				en,
				Base,
			);
			mainGroup = 30B766C51CCD631D003262CF;
			productRefGroup = 30B766CF1CCD631D003262CF /* Products */;
			projectDirPath = "";
			projectRoot = "";
			targets = (
				30B766CD1CCD631D003262CF /* Homepwner_Obj-C */,
			);
		};
/* End PBXProject section */

/* Begin PBXResourcesBuildPhase section */
		30B766CC1CCD631D003262CF /* Resources */ = {
			isa = PBXResourcesBuildPhase;
			buildActionMask = 2147483647;
			files = (
				30B766D81CCD631D003262CF /* Assets.xcassets in Resources */,
				30B766DB1CCD631D003262CF /* LaunchScreen.storyboard in Resources */,
			);
			runOnlyForDeploymentPostprocessing = 0;
		};
/* End PBXResourcesBuildPhase section */

/* Begin PBXSourcesBuildPhase section */
		30B766CA1CCD631D003262CF /* Sources */ = {
			isa = PBXSourcesBuildPhase;
			buildActionMask = 2147483647;
			files = (
				30B766E71CCD6EE3003262CF /* Item.m in Sources */,
				30B766E41CCD6D25003262CF /* ItemsViewController.m in Sources */,
				30B766D61CCD631D003262CF /* AppDelegate.m in Sources */,
				30B766D31CCD631D003262CF /* main.m in Sources */,
			);
			runOnlyForDeploymentPostprocessing = 0;
		};
/* End PBXSourcesBuildPhase section */

/* Begin PBXVariantGroup section */
		30B766D91CCD631D003262CF /* LaunchScreen.storyboard */ = {
			isa = PBXVariantGroup;
			children = (
				30B766DA1CCD631D003262CF /* Base */,
			);
			name = LaunchScreen.storyboard;
			sourceTree = "<group>";
		};
/* End PBXVariantGroup section */

/* Begin XCBuildConfiguration section */
		30B766DD1CCD631D003262CF /* Debug */ = {
			isa = XCBuildConfiguration;
			buildSettings = {
				ALWAYS_SEARCH_USER_PATHS = NO;
				CLANG_ANALYZER_NONNULL = YES;
				CLANG_CXX_LANGUAGE_STANDARD = "gnu++0x";
				CLANG_CXX_LIBRARY = "libc++";
				CLANG_ENABLE_MODULES = YES;
				CLANG_ENABLE_OBJC_ARC = YES;
				CLANG_WARN_BOOL_CONVERSION = YES;
				CLANG_WARN_CONSTANT_CONVERSION = YES;
				CLANG_WARN_DIRECT_OBJC_ISA_USAGE = YES_ERROR;
				CLANG_WARN_EMPTY_BODY = YES;
				CLANG_WARN_ENUM_CONVERSION = YES;
				CLANG_WARN_INT_CONVERSION = YES;
				CLANG_WARN_OBJC_ROOT_CLASS = YES_ERROR;
				CLANG_WARN_UNREACHABLE_CODE = YES;
				CLANG_WARN__DUPLICATE_METHOD_MATCH = YES;
				"CODE_SIGN_IDENTITY[sdk=iphoneos*]" = "iPhone Developer";
				COPY_PHASE_STRIP = NO;
				DEBUG_INFORMATION_FORMAT = dwarf;
				ENABLE_STRICT_OBJC_MSGSEND = YES;
				ENABLE_TESTABILITY = YES;
				GCC_C_LANGUAGE_STANDARD = gnu99;
				GCC_DYNAMIC_NO_PIC = NO;
				GCC_NO_COMMON_BLOCKS = YES;
				GCC_OPTIMIZATION_LEVEL = 0;
				GCC_PREPROCESSOR_DEFINITIONS = (
					"DEBUG=1",
					"$(inherited)",
				);
				GCC_WARN_64_TO_32_BIT_CONVERSION = YES;
				GCC_WARN_ABOUT_RETURN_TYPE = YES_ERROR;
				GCC_WARN_UNDECLARED_SELECTOR = YES;
				GCC_WARN_UNINITIALIZED_AUTOS = YES_AGGRESSIVE;
				GCC_WARN_UNUSED_FUNCTION = YES;
				GCC_WARN_UNUSED_VARIABLE = YES;
				IPHONEOS_DEPLOYMENT_TARGET = 9.3;
				MTL_ENABLE_DEBUG_INFO = YES;
				ONLY_ACTIVE_ARCH = YES;
				SDKROOT = iphoneos;
			};
			name = Debug;
		};
		30B766DE1CCD631D003262CF /* Release */ = {
			isa = XCBuildConfiguration;
			buildSettings = {
				ALWAYS_SEARCH_USER_PATHS = NO;
				CLANG_ANALYZER_NONNULL = YES;
				CLANG_CXX_LANGUAGE_STANDARD = "gnu++0x";
				CLANG_CXX_LIBRARY = "libc++";
				CLANG_ENABLE_MODULES = YES;
				CLANG_ENABLE_OBJC_ARC = YES;
				CLANG_WARN_BOOL_CONVERSION = YES;
				CLANG_WARN_CONSTANT_CONVERSION = YES;
				CLANG_WARN_DIRECT_OBJC_ISA_USAGE = YES_ERROR;
				CLANG_WARN_EMPTY_BODY = YES;
				CLANG_WARN_ENUM_CONVERSION = YES;
				CLANG_WARN_INT_CONVERSION = YES;
				CLANG_WARN_OBJC_ROOT_CLASS = YES_ERROR;
				CLANG_WARN_UNREACHABLE_CODE = YES;
				CLANG_WARN__DUPLICATE_METHOD_MATCH = YES;
				"CODE_SIGN_IDENTITY[sdk=iphoneos*]" = "iPhone Developer";
				COPY_PHASE_STRIP = NO;
				DEBUG_INFORMATION_FORMAT = "dwarf-with-dsym";
				ENABLE_NS_ASSERTIONS = NO;
				ENABLE_STRICT_OBJC_MSGSEND = YES;
				GCC_C_LANGUAGE_STANDARD = gnu99;
				GCC_NO_COMMON_BLOCKS = YES;
				GCC_WARN_64_TO_32_BIT_CONVERSION = YES;
				GCC_WARN_ABOUT_RETURN_TYPE = YES_ERROR;
				GCC_WARN_UNDECLARED_SELECTOR = YES;
				GCC_WARN_UNINITIALIZED_AUTOS = YES_AGGRESSIVE;
				GCC_WARN_UNUSED_FUNCTION = YES;
				GCC_WARN_UNUSED_VARIABLE = YES;
				IPHONEOS_DEPLOYMENT_TARGET = 9.3;
				MTL_ENABLE_DEBUG_INFO = NO;
				SDKROOT = iphoneos;
				VALIDATE_PRODUCT = YES;
			};
			name = Release;
		};
		30B766E01CCD631D003262CF /* Debug */ = {
			isa = XCBuildConfiguration;
			buildSettings = {
				ASSETCATALOG_COMPILER_APPICON_NAME = AppIcon;
				INFOPLIST_FILE = "Homepwner_Obj-C/Info.plist";
				LD_RUNPATH_SEARCH_PATHS = "$(inherited) @executable_path/Frameworks";
				PRODUCT_BUNDLE_IDENTIFIER = "com.ra-portfolio.Homepwner-Obj-C";
				PRODUCT_NAME = "$(TARGET_NAME)";
			};
			name = Debug;
		};
		30B766E11CCD631D003262CF /* Release */ = {
			isa = XCBuildConfiguration;
			buildSettings = {
				ASSETCATALOG_COMPILER_APPICON_NAME = AppIcon;
				INFOPLIST_FILE = "Homepwner_Obj-C/Info.plist";
				LD_RUNPATH_SEARCH_PATHS = "$(inherited) @executable_path/Frameworks";
				PRODUCT_BUNDLE_IDENTIFIER = "com.ra-portfolio.Homepwner-Obj-C";
				PRODUCT_NAME = "$(TARGET_NAME)";
			};
			name = Release;
		};
/* End XCBuildConfiguration section */

/* Begin XCConfigurationList section */
		30B766C91CCD631D003262CF /* Build configuration list for PBXProject "Homepwner_Obj-C" */ = {
			isa = XCConfigurationList;
			buildConfigurations = (
				30B766DD1CCD631D003262CF /* Debug */,
				30B766DE1CCD631D003262CF /* Release */,
			);
			defaultConfigurationIsVisible = 0;
			defaultConfigurationName = Release;
		};
		30B766DF1CCD631D003262CF /* Build configuration list for PBXNativeTarget "Homepwner_Obj-C" */ = {
			isa = XCConfigurationList;
			buildConfigurations = (
				30B766E01CCD631D003262CF /* Debug */,
				30B766E11CCD631D003262CF /* Release */,
			);
			defaultConfigurationIsVisible = 0;
		};
/* End XCConfigurationList section */
	};
	rootObject = 30B766C61CCD631D003262CF /* Project object */;
}
